
Microsoft Visual Studio Solution File, Format Version 12.00
# Visual Studio Version 16
VisualStudioVersion = 16.0.30309.148
MinimumVisualStudioVersion = 10.0.40219.1
Project("{FAE04EC0-301F-11D3-BF4B-00C04F79EFBC}") = "Абстрактные классы, методы и свойства", "Абстрактные классы, методы и свойства\Абстрактные классы, методы и свойства.csproj", "{9BF9F24F-BF85-4D8C-A994-CCC724EE7B65}"
EndProject
Global
	GlobalSection(SolutionConfigurationPlatforms) = preSolution
		Debug|Any CPU = Debug|Any CPU
		Release|Any CPU = Release|Any CPU
	EndGlobalSection
	GlobalSection(ProjectConfigurationPlatforms) = postSolution
		{9BF9F24F-BF85-4D8C-A994-CCC724EE7B65}.Debug|Any CPU.ActiveCfg = Debug|Any CPU
		{9BF9F24F-BF85-4D8C-A994-CCC724EE7B65}.Debug|Any CPU.Build.0 = Debug|Any CPU
		{9BF9F24F-BF85-4D8C-A994-CCC724EE7B65}.Release|Any CPU.ActiveCfg = Release|Any CPU
		{9BF9F24F-BF85-4D8C-A994-CCC724EE7B65}.Release|Any CPU.Build.0 = Release|Any CPU
	EndGlobalSection
	GlobalSection(SolutionProperties) = preSolution
		HideSolutionNode = FALSE
	EndGlobalSection
	GlobalSection(ExtensibilityGlobals) = postSolution
		SolutionGuid = {F7534261-8124-4917-A5EA-9BAF9F2286A0}
	EndGlobalSection
EndGlobal
