
Microsoft Visual Studio Solution File, Format Version 12.00
# Visual Studio Version 16
VisualStudioVersion = 16.0.30413.136
MinimumVisualStudioVersion = 10.0.40219.1
Project("{FAE04EC0-301F-11D3-BF4B-00C04F79EFBC}") = "ForeachPraktick", "ForeachPraktick\ForeachPraktick.csproj", "{A11EBD0E-6EE5-4C0D-AADE-44FB12C219C8}"
EndProject
Global
	GlobalSection(SolutionConfigurationPlatforms) = preSolution
		Debug|Any CPU = Debug|Any CPU
		Release|Any CPU = Release|Any CPU
	EndGlobalSection
	GlobalSection(ProjectConfigurationPlatforms) = postSolution
		{A11EBD0E-6EE5-4C0D-AADE-44FB12C219C8}.Debug|Any CPU.ActiveCfg = Debug|Any CPU
		{A11EBD0E-6EE5-4C0D-AADE-44FB12C219C8}.Debug|Any CPU.Build.0 = Debug|Any CPU
		{A11EBD0E-6EE5-4C0D-AADE-44FB12C219C8}.Release|Any CPU.ActiveCfg = Release|Any CPU
		{A11EBD0E-6EE5-4C0D-AADE-44FB12C219C8}.Release|Any CPU.Build.0 = Release|Any CPU
	EndGlobalSection
	GlobalSection(SolutionProperties) = preSolution
		HideSolutionNode = FALSE
	EndGlobalSection
	GlobalSection(ExtensibilityGlobals) = postSolution
		SolutionGuid = {66C031DA-E764-4AA6-95E9-DC69294644C4}
	EndGlobalSection
EndGlobal
