
Microsoft Visual Studio Solution File, Format Version 12.00
# Visual Studio Version 16
VisualStudioVersion = 16.0.30517.126
MinimumVisualStudioVersion = 10.0.40219.1
Project("{FAE04EC0-301F-11D3-BF4B-00C04F79EFBC}") = "testtest", "testtest\testtest.csproj", "{BE45D4A4-86B0-4912-A34A-F82172F86D25}"
EndProject
Global
	GlobalSection(SolutionConfigurationPlatforms) = preSolution
		Debug|Any CPU = Debug|Any CPU
		Release|Any CPU = Release|Any CPU
	EndGlobalSection
	GlobalSection(ProjectConfigurationPlatforms) = postSolution
		{BE45D4A4-86B0-4912-A34A-F82172F86D25}.Debug|Any CPU.ActiveCfg = Debug|Any CPU
		{BE45D4A4-86B0-4912-A34A-F82172F86D25}.Debug|Any CPU.Build.0 = Debug|Any CPU
		{BE45D4A4-86B0-4912-A34A-F82172F86D25}.Release|Any CPU.ActiveCfg = Release|Any CPU
		{BE45D4A4-86B0-4912-A34A-F82172F86D25}.Release|Any CPU.Build.0 = Release|Any CPU
	EndGlobalSection
	GlobalSection(SolutionProperties) = preSolution
		HideSolutionNode = FALSE
	EndGlobalSection
	GlobalSection(ExtensibilityGlobals) = postSolution
		SolutionGuid = {75295E02-708F-4824-BBF9-21D89BFB1139}
	EndGlobalSection
EndGlobal
