
Microsoft Visual Studio Solution File, Format Version 12.00
# Visual Studio Version 16
VisualStudioVersion = 16.0.30413.136
MinimumVisualStudioVersion = 10.0.40219.1
Project("{FAE04EC0-301F-11D3-BF4B-00C04F79EFBC}") = "Чтение файлов дерикторий", "Чтение файлов дерикторий\Чтение файлов дерикторий.csproj", "{58D583C7-0478-48ED-B2F9-A3168E1D4884}"
EndProject
Global
	GlobalSection(SolutionConfigurationPlatforms) = preSolution
		Debug|Any CPU = Debug|Any CPU
		Release|Any CPU = Release|Any CPU
	EndGlobalSection
	GlobalSection(ProjectConfigurationPlatforms) = postSolution
		{58D583C7-0478-48ED-B2F9-A3168E1D4884}.Debug|Any CPU.ActiveCfg = Debug|Any CPU
		{58D583C7-0478-48ED-B2F9-A3168E1D4884}.Debug|Any CPU.Build.0 = Debug|Any CPU
		{58D583C7-0478-48ED-B2F9-A3168E1D4884}.Release|Any CPU.ActiveCfg = Release|Any CPU
		{58D583C7-0478-48ED-B2F9-A3168E1D4884}.Release|Any CPU.Build.0 = Release|Any CPU
	EndGlobalSection
	GlobalSection(SolutionProperties) = preSolution
		HideSolutionNode = FALSE
	EndGlobalSection
	GlobalSection(ExtensibilityGlobals) = postSolution
		SolutionGuid = {EEB77F9A-35AC-4864-819D-73010DF61DBC}
	EndGlobalSection
EndGlobal
