
Microsoft Visual Studio Solution File, Format Version 12.00
# Visual Studio Version 16
VisualStudioVersion = 16.0.30309.148
MinimumVisualStudioVersion = 10.0.40219.1
Project("{FAE04EC0-301F-11D3-BF4B-00C04F79EFBC}") = "Условные операторы 2.0", "Условные операторы 2.0\Условные операторы 2.0.csproj", "{721EEA9E-BB3C-4D70-B94F-55B29A864B86}"
EndProject
Global
	GlobalSection(SolutionConfigurationPlatforms) = preSolution
		Debug|Any CPU = Debug|Any CPU
		Release|Any CPU = Release|Any CPU
	EndGlobalSection
	GlobalSection(ProjectConfigurationPlatforms) = postSolution
		{721EEA9E-BB3C-4D70-B94F-55B29A864B86}.Debug|Any CPU.ActiveCfg = Debug|Any CPU
		{721EEA9E-BB3C-4D70-B94F-55B29A864B86}.Debug|Any CPU.Build.0 = Debug|Any CPU
		{721EEA9E-BB3C-4D70-B94F-55B29A864B86}.Release|Any CPU.ActiveCfg = Release|Any CPU
		{721EEA9E-BB3C-4D70-B94F-55B29A864B86}.Release|Any CPU.Build.0 = Release|Any CPU
	EndGlobalSection
	GlobalSection(SolutionProperties) = preSolution
		HideSolutionNode = FALSE
	EndGlobalSection
	GlobalSection(ExtensibilityGlobals) = postSolution
		SolutionGuid = {24528FFA-0F02-4211-B7EB-2CF542CA7561}
	EndGlobalSection
EndGlobal
