
Microsoft Visual Studio Solution File, Format Version 12.00
# Visual Studio Version 16
VisualStudioVersion = 16.0.30517.126
MinimumVisualStudioVersion = 10.0.40219.1
Project("{FAE04EC0-301F-11D3-BF4B-00C04F79EFBC}") = "циклы2", "циклы2\циклы2.csproj", "{0C8CB504-5CEC-4DBC-819C-2690DA5D5873}"
EndProject
Global
	GlobalSection(SolutionConfigurationPlatforms) = preSolution
		Debug|Any CPU = Debug|Any CPU
		Release|Any CPU = Release|Any CPU
	EndGlobalSection
	GlobalSection(ProjectConfigurationPlatforms) = postSolution
		{0C8CB504-5CEC-4DBC-819C-2690DA5D5873}.Debug|Any CPU.ActiveCfg = Debug|Any CPU
		{0C8CB504-5CEC-4DBC-819C-2690DA5D5873}.Debug|Any CPU.Build.0 = Debug|Any CPU
		{0C8CB504-5CEC-4DBC-819C-2690DA5D5873}.Release|Any CPU.ActiveCfg = Release|Any CPU
		{0C8CB504-5CEC-4DBC-819C-2690DA5D5873}.Release|Any CPU.Build.0 = Release|Any CPU
	EndGlobalSection
	GlobalSection(SolutionProperties) = preSolution
		HideSolutionNode = FALSE
	EndGlobalSection
	GlobalSection(ExtensibilityGlobals) = postSolution
		SolutionGuid = {A833D834-E441-4B06-B7DC-5A03C0A20D21}
	EndGlobalSection
EndGlobal
