
Microsoft Visual Studio Solution File, Format Version 12.00
# Visual Studio Version 16
VisualStudioVersion = 16.0.30517.126
MinimumVisualStudioVersion = 10.0.40219.1
Project("{FAE04EC0-301F-11D3-BF4B-00C04F79EFBC}") = "ПередачаПараметров", "ПередачаПараметров\ПередачаПараметров.csproj", "{3943833F-D8A0-4A23-80BF-D377837A5252}"
EndProject
Global
	GlobalSection(SolutionConfigurationPlatforms) = preSolution
		Debug|Any CPU = Debug|Any CPU
		Release|Any CPU = Release|Any CPU
	EndGlobalSection
	GlobalSection(ProjectConfigurationPlatforms) = postSolution
		{3943833F-D8A0-4A23-80BF-D377837A5252}.Debug|Any CPU.ActiveCfg = Debug|Any CPU
		{3943833F-D8A0-4A23-80BF-D377837A5252}.Debug|Any CPU.Build.0 = Debug|Any CPU
		{3943833F-D8A0-4A23-80BF-D377837A5252}.Release|Any CPU.ActiveCfg = Release|Any CPU
		{3943833F-D8A0-4A23-80BF-D377837A5252}.Release|Any CPU.Build.0 = Release|Any CPU
	EndGlobalSection
	GlobalSection(SolutionProperties) = preSolution
		HideSolutionNode = FALSE
	EndGlobalSection
	GlobalSection(ExtensibilityGlobals) = postSolution
		SolutionGuid = {8F1C856B-F127-437B-B21E-4031A6FE1675}
	EndGlobalSection
EndGlobal
