
Microsoft Visual Studio Solution File, Format Version 12.00
# Visual Studio Version 16
VisualStudioVersion = 16.0.30413.136
MinimumVisualStudioVersion = 10.0.40219.1
Project("{FAE04EC0-301F-11D3-BF4B-00C04F79EFBC}") = "Парсер", "Парсер\Парсер.csproj", "{CFD67046-DB81-47C6-83FA-AE3EB90E3A8D}"
EndProject
Global
	GlobalSection(SolutionConfigurationPlatforms) = preSolution
		Debug|Any CPU = Debug|Any CPU
		Release|Any CPU = Release|Any CPU
	EndGlobalSection
	GlobalSection(ProjectConfigurationPlatforms) = postSolution
		{CFD67046-DB81-47C6-83FA-AE3EB90E3A8D}.Debug|Any CPU.ActiveCfg = Debug|Any CPU
		{CFD67046-DB81-47C6-83FA-AE3EB90E3A8D}.Debug|Any CPU.Build.0 = Debug|Any CPU
		{CFD67046-DB81-47C6-83FA-AE3EB90E3A8D}.Release|Any CPU.ActiveCfg = Release|Any CPU
		{CFD67046-DB81-47C6-83FA-AE3EB90E3A8D}.Release|Any CPU.Build.0 = Release|Any CPU
	EndGlobalSection
	GlobalSection(SolutionProperties) = preSolution
		HideSolutionNode = FALSE
	EndGlobalSection
	GlobalSection(ExtensibilityGlobals) = postSolution
		SolutionGuid = {60A46AE4-665F-4E16-A274-EF645BAEA3DC}
	EndGlobalSection
EndGlobal
