
Microsoft Visual Studio Solution File, Format Version 12.00
# Visual Studio Version 16
VisualStudioVersion = 16.0.30309.148
MinimumVisualStudioVersion = 10.0.40219.1
Project("{FAE04EC0-301F-11D3-BF4B-00C04F79EFBC}") = "Перечисление enum", "Перечисление enum\Перечисление enum.csproj", "{50048209-50A7-49E3-A325-598C60B8D83A}"
EndProject
Global
	GlobalSection(SolutionConfigurationPlatforms) = preSolution
		Debug|Any CPU = Debug|Any CPU
		Release|Any CPU = Release|Any CPU
	EndGlobalSection
	GlobalSection(ProjectConfigurationPlatforms) = postSolution
		{50048209-50A7-49E3-A325-598C60B8D83A}.Debug|Any CPU.ActiveCfg = Debug|Any CPU
		{50048209-50A7-49E3-A325-598C60B8D83A}.Debug|Any CPU.Build.0 = Debug|Any CPU
		{50048209-50A7-49E3-A325-598C60B8D83A}.Release|Any CPU.ActiveCfg = Release|Any CPU
		{50048209-50A7-49E3-A325-598C60B8D83A}.Release|Any CPU.Build.0 = Release|Any CPU
	EndGlobalSection
	GlobalSection(SolutionProperties) = preSolution
		HideSolutionNode = FALSE
	EndGlobalSection
	GlobalSection(ExtensibilityGlobals) = postSolution
		SolutionGuid = {FCACDF15-F305-4578-825E-0F72BF1F19D9}
	EndGlobalSection
EndGlobal
