
Microsoft Visual Studio Solution File, Format Version 12.00
# Visual Studio Version 16
VisualStudioVersion = 16.0.30517.126
MinimumVisualStudioVersion = 10.0.40219.1
Project("{FAE04EC0-301F-11D3-BF4B-00C04F79EFBC}") = "arrays", "arrays\arrays.csproj", "{C0ECB3C1-99FB-4B6B-BCB2-5C5C66E90F8D}"
EndProject
Global
	GlobalSection(SolutionConfigurationPlatforms) = preSolution
		Debug|Any CPU = Debug|Any CPU
		Release|Any CPU = Release|Any CPU
	EndGlobalSection
	GlobalSection(ProjectConfigurationPlatforms) = postSolution
		{C0ECB3C1-99FB-4B6B-BCB2-5C5C66E90F8D}.Debug|Any CPU.ActiveCfg = Debug|Any CPU
		{C0ECB3C1-99FB-4B6B-BCB2-5C5C66E90F8D}.Debug|Any CPU.Build.0 = Debug|Any CPU
		{C0ECB3C1-99FB-4B6B-BCB2-5C5C66E90F8D}.Release|Any CPU.ActiveCfg = Release|Any CPU
		{C0ECB3C1-99FB-4B6B-BCB2-5C5C66E90F8D}.Release|Any CPU.Build.0 = Release|Any CPU
	EndGlobalSection
	GlobalSection(SolutionProperties) = preSolution
		HideSolutionNode = FALSE
	EndGlobalSection
	GlobalSection(ExtensibilityGlobals) = postSolution
		SolutionGuid = {5DE704F2-CE22-4AB1-B4C4-862F4CE81619}
	EndGlobalSection
EndGlobal
