
Microsoft Visual Studio Solution File, Format Version 12.00
# Visual Studio Version 16
VisualStudioVersion = 16.0.30413.136
MinimumVisualStudioVersion = 10.0.40219.1
Project("{FAE04EC0-301F-11D3-BF4B-00C04F79EFBC}") = "делигаты", "делигаты\делигаты.csproj", "{ADD63DD1-E689-4EB7-B120-00C604707CE6}"
EndProject
Global
	GlobalSection(SolutionConfigurationPlatforms) = preSolution
		Debug|Any CPU = Debug|Any CPU
		Release|Any CPU = Release|Any CPU
	EndGlobalSection
	GlobalSection(ProjectConfigurationPlatforms) = postSolution
		{ADD63DD1-E689-4EB7-B120-00C604707CE6}.Debug|Any CPU.ActiveCfg = Debug|Any CPU
		{ADD63DD1-E689-4EB7-B120-00C604707CE6}.Debug|Any CPU.Build.0 = Debug|Any CPU
		{ADD63DD1-E689-4EB7-B120-00C604707CE6}.Release|Any CPU.ActiveCfg = Release|Any CPU
		{ADD63DD1-E689-4EB7-B120-00C604707CE6}.Release|Any CPU.Build.0 = Release|Any CPU
	EndGlobalSection
	GlobalSection(SolutionProperties) = preSolution
		HideSolutionNode = FALSE
	EndGlobalSection
	GlobalSection(ExtensibilityGlobals) = postSolution
		SolutionGuid = {852D120F-BE4B-4AE3-8814-60AF09BC0748}
	EndGlobalSection
EndGlobal
