
Microsoft Visual Studio Solution File, Format Version 12.00
# Visual Studio Version 16
VisualStudioVersion = 16.0.30309.148
MinimumVisualStudioVersion = 10.0.40219.1
Project("{FAE04EC0-301F-11D3-BF4B-00C04F79EFBC}") = "Инструкции перехода", "Инструкции перехода\Инструкции перехода.csproj", "{2ABAE0DA-3A16-4049-B174-E38092745071}"
EndProject
Global
	GlobalSection(SolutionConfigurationPlatforms) = preSolution
		Debug|Any CPU = Debug|Any CPU
		Release|Any CPU = Release|Any CPU
	EndGlobalSection
	GlobalSection(ProjectConfigurationPlatforms) = postSolution
		{2ABAE0DA-3A16-4049-B174-E38092745071}.Debug|Any CPU.ActiveCfg = Debug|Any CPU
		{2ABAE0DA-3A16-4049-B174-E38092745071}.Debug|Any CPU.Build.0 = Debug|Any CPU
		{2ABAE0DA-3A16-4049-B174-E38092745071}.Release|Any CPU.ActiveCfg = Release|Any CPU
		{2ABAE0DA-3A16-4049-B174-E38092745071}.Release|Any CPU.Build.0 = Release|Any CPU
	EndGlobalSection
	GlobalSection(SolutionProperties) = preSolution
		HideSolutionNode = FALSE
	EndGlobalSection
	GlobalSection(ExtensibilityGlobals) = postSolution
		SolutionGuid = {7BB94C9B-A626-4F33-9E75-511A602B6833}
	EndGlobalSection
EndGlobal
