
Microsoft Visual Studio Solution File, Format Version 12.00
# Visual Studio Version 16
VisualStudioVersion = 16.0.30517.126
MinimumVisualStudioVersion = 10.0.40219.1
Project("{FAE04EC0-301F-11D3-BF4B-00C04F79EFBC}") = "doubleArray", "doubleArray\doubleArray.csproj", "{8E99F0BE-43BF-4116-95E4-498DC301AAF1}"
EndProject
Global
	GlobalSection(SolutionConfigurationPlatforms) = preSolution
		Debug|Any CPU = Debug|Any CPU
		Release|Any CPU = Release|Any CPU
	EndGlobalSection
	GlobalSection(ProjectConfigurationPlatforms) = postSolution
		{8E99F0BE-43BF-4116-95E4-498DC301AAF1}.Debug|Any CPU.ActiveCfg = Debug|Any CPU
		{8E99F0BE-43BF-4116-95E4-498DC301AAF1}.Debug|Any CPU.Build.0 = Debug|Any CPU
		{8E99F0BE-43BF-4116-95E4-498DC301AAF1}.Release|Any CPU.ActiveCfg = Release|Any CPU
		{8E99F0BE-43BF-4116-95E4-498DC301AAF1}.Release|Any CPU.Build.0 = Release|Any CPU
	EndGlobalSection
	GlobalSection(SolutionProperties) = preSolution
		HideSolutionNode = FALSE
	EndGlobalSection
	GlobalSection(ExtensibilityGlobals) = postSolution
		SolutionGuid = {D4A1D9C2-CEBB-4455-8D5C-24E74EBFC4C0}
	EndGlobalSection
EndGlobal
