
Microsoft Visual Studio Solution File, Format Version 12.00
# Visual Studio Version 16
VisualStudioVersion = 16.0.30309.148
MinimumVisualStudioVersion = 10.0.40219.1
Project("{FAE04EC0-301F-11D3-BF4B-00C04F79EFBC}") = "Виртуальные методы(переопределение)", "Виртуальные методы(переопределение)\Виртуальные методы(переопределение).csproj", "{D33CC59D-B7C5-484A-81C0-A0593529559A}"
EndProject
Global
	GlobalSection(SolutionConfigurationPlatforms) = preSolution
		Debug|Any CPU = Debug|Any CPU
		Release|Any CPU = Release|Any CPU
	EndGlobalSection
	GlobalSection(ProjectConfigurationPlatforms) = postSolution
		{D33CC59D-B7C5-484A-81C0-A0593529559A}.Debug|Any CPU.ActiveCfg = Debug|Any CPU
		{D33CC59D-B7C5-484A-81C0-A0593529559A}.Debug|Any CPU.Build.0 = Debug|Any CPU
		{D33CC59D-B7C5-484A-81C0-A0593529559A}.Release|Any CPU.ActiveCfg = Release|Any CPU
		{D33CC59D-B7C5-484A-81C0-A0593529559A}.Release|Any CPU.Build.0 = Release|Any CPU
	EndGlobalSection
	GlobalSection(SolutionProperties) = preSolution
		HideSolutionNode = FALSE
	EndGlobalSection
	GlobalSection(ExtensibilityGlobals) = postSolution
		SolutionGuid = {CA8EAED5-AE27-45CF-827C-CA460AEB6718}
	EndGlobalSection
EndGlobal
