
Microsoft Visual Studio Solution File, Format Version 12.00
# Visual Studio Version 16
VisualStudioVersion = 16.0.30517.126
MinimumVisualStudioVersion = 10.0.40219.1
Project("{FAE04EC0-301F-11D3-BF4B-00C04F79EFBC}") = "test 2", "test 2\test 2.csproj", "{CD89510D-C069-4151-9EF9-60394E977714}"
EndProject
Global
	GlobalSection(SolutionConfigurationPlatforms) = preSolution
		Debug|Any CPU = Debug|Any CPU
		Release|Any CPU = Release|Any CPU
	EndGlobalSection
	GlobalSection(ProjectConfigurationPlatforms) = postSolution
		{CD89510D-C069-4151-9EF9-60394E977714}.Debug|Any CPU.ActiveCfg = Debug|Any CPU
		{CD89510D-C069-4151-9EF9-60394E977714}.Debug|Any CPU.Build.0 = Debug|Any CPU
		{CD89510D-C069-4151-9EF9-60394E977714}.Release|Any CPU.ActiveCfg = Release|Any CPU
		{CD89510D-C069-4151-9EF9-60394E977714}.Release|Any CPU.Build.0 = Release|Any CPU
	EndGlobalSection
	GlobalSection(SolutionProperties) = preSolution
		HideSolutionNode = FALSE
	EndGlobalSection
	GlobalSection(ExtensibilityGlobals) = postSolution
		SolutionGuid = {17D60AFB-8130-4042-B27D-7E5B5F0F4D2F}
	EndGlobalSection
EndGlobal
