
Microsoft Visual Studio Solution File, Format Version 12.00
# Visual Studio Version 16
VisualStudioVersion = 16.0.30309.148
MinimumVisualStudioVersion = 10.0.40219.1
Project("{FAE04EC0-301F-11D3-BF4B-00C04F79EFBC}") = "Интерфейсы", "Интерфейсы\Интерфейсы.csproj", "{AA4996C6-AB46-411E-AF13-C2AD2FB52F37}"
EndProject
Global
	GlobalSection(SolutionConfigurationPlatforms) = preSolution
		Debug|Any CPU = Debug|Any CPU
		Release|Any CPU = Release|Any CPU
	EndGlobalSection
	GlobalSection(ProjectConfigurationPlatforms) = postSolution
		{AA4996C6-AB46-411E-AF13-C2AD2FB52F37}.Debug|Any CPU.ActiveCfg = Debug|Any CPU
		{AA4996C6-AB46-411E-AF13-C2AD2FB52F37}.Debug|Any CPU.Build.0 = Debug|Any CPU
		{AA4996C6-AB46-411E-AF13-C2AD2FB52F37}.Release|Any CPU.ActiveCfg = Release|Any CPU
		{AA4996C6-AB46-411E-AF13-C2AD2FB52F37}.Release|Any CPU.Build.0 = Release|Any CPU
	EndGlobalSection
	GlobalSection(SolutionProperties) = preSolution
		HideSolutionNode = FALSE
	EndGlobalSection
	GlobalSection(ExtensibilityGlobals) = postSolution
		SolutionGuid = {AA22D8E9-CDE1-4FEE-B494-BF9F022CD863}
	EndGlobalSection
EndGlobal
